
Microsoft Visual Studio Solution File, Format Version 12.00
# Visual Studio Version 17
VisualStudioVersion = 17.8.34330.188
MinimumVisualStudioVersion = 10.0.40219.1
Project("{FAE04EC0-301F-11D3-BF4B-00C04F79EFBC}") = "test2", "test2\test2.csproj", "{A809BD47-34A5-46B4-8D1B-053BD461C92D}"
EndProject
Global
	GlobalSection(SolutionConfigurationPlatforms) = preSolution
		Debug|Any CPU = Debug|Any CPU
		Release|Any CPU = Release|Any CPU
	EndGlobalSection
	GlobalSection(ProjectConfigurationPlatforms) = postSolution
		{A809BD47-34A5-46B4-8D1B-053BD461C92D}.Debug|Any CPU.ActiveCfg = Debug|Any CPU
		{A809BD47-34A5-46B4-8D1B-053BD461C92D}.Debug|Any CPU.Build.0 = Debug|Any CPU
		{A809BD47-34A5-46B4-8D1B-053BD461C92D}.Release|Any CPU.ActiveCfg = Release|Any CPU
		{A809BD47-34A5-46B4-8D1B-053BD461C92D}.Release|Any CPU.Build.0 = Release|Any CPU
	EndGlobalSection
	GlobalSection(SolutionProperties) = preSolution
		HideSolutionNode = FALSE
	EndGlobalSection
	GlobalSection(ExtensibilityGlobals) = postSolution
		SolutionGuid = {0239B876-5F66-4ECB-92B0-CFEDB286AE08}
	EndGlobalSection
EndGlobal
